schema: '2.0'
stages:
  preprocess:
    cmd: python3 src/spacetitanic/features/preprocess.py
    deps:
    - path: data/raw
      md5: c22b52fb28cb1cfe08b7d9d41404d3ff.dir
      size: 1243958
      nfiles: 4
    - path: src/spacetitanic/features/preprocess.py
      md5: f0b680b384d194d6ee6592b7c7bfcdac
      size: 3406
    outs:
    - path: data/processed/train_test_preprocessed.csv
      md5: f71e65a05755ec4d2cb037e4bd69b98e
      size: 1107023
  engineer:
    cmd: python3 src/spacetitanic/features/engineer.py
    deps:
    - path: data/processed/train_test_preprocessed.csv
      md5: f71e65a05755ec4d2cb037e4bd69b98e
      size: 1107023
    - path: src/spacetitanic/features/engineer.py
      md5: 45b3856c1294aead851fea2b0c7ac06b
      size: 8726
    outs:
    - path: data/processed/test_engineered.csv
      md5: 0d656a0a479507988da1eaa9a1a02976
      size: 453477
    - path: data/processed/train_engineered.csv
      md5: f46b495e19ce7630e2106e9227e39e94
      size: 938863
  train:
    cmd: python3 src/spacetitanic/models/train.py
    deps:
    - path: data/processed/train_engineered.csv
      md5: f46b495e19ce7630e2106e9227e39e94
      size: 938863
    - path: src/spacetitanic/models/train.py
      md5: e6dc0bf19cf66f5d3fb126388a3f6f6d
      size: 3491
    outs:
    - path: data/processed/val_engineered.csv
      md5: 085a9cc94846236a7f1fa61ce3c66c33
      size: 217714
    - path: model/model_test.joblib
      md5: cc5d063349dd5346644c2ea149d0f3a3
      size: 409791
    - path: model/model_val.joblib
      md5: 155f6053da2fad1bffc1a822e0578995
      size: 164673
  evaluate:
    cmd: python3 src/spacetitanic/models/evaluate.py
    deps:
    - path: data/processed/test_engineered.csv
      md5: 0d656a0a479507988da1eaa9a1a02976
      size: 453477
    - path: data/processed/val_engineered.csv
      md5: 085a9cc94846236a7f1fa61ce3c66c33
      size: 217714
    - path: model/model_test.joblib
      md5: cc5d063349dd5346644c2ea149d0f3a3
      size: 409791
    - path: model/model_val.joblib
      md5: 155f6053da2fad1bffc1a822e0578995
      size: 164673
    - path: src/spacetitanic/models/evaluate.py
      md5: fe36310728315a193a2e91640b6852f0
      size: 3264
    outs:
    - path: data/output/submission.csv
      md5: f8f3aad9c27e0b77648618c67defba20
      size: 57777
    - path: metrics/metrics.json
      md5: b5366d7a264ee1f10dfbe41d7ccae074
      size: 127
