schema: '2.0'
stages:
  preprocess:
    cmd: python3 src/spacetitanic/features/preprocess.py
    deps:
    - path: data/raw
      md5: c22b52fb28cb1cfe08b7d9d41404d3ff.dir
      size: 1243958
      nfiles: 4
    - path: src/spacetitanic/features/preprocess.py
      md5: f0b680b384d194d6ee6592b7c7bfcdac
      size: 3406
    outs:
    - path: data/processed/train_test_preprocessed.csv
      md5: f71e65a05755ec4d2cb037e4bd69b98e
      size: 1107023
  engineer:
    cmd: python3 src/spacetitanic/features/engineer.py
    deps:
    - path: data/processed/train_test_preprocessed.csv
      md5: f71e65a05755ec4d2cb037e4bd69b98e
      size: 1107023
    - path: src/spacetitanic/features/engineer.py
      md5: 3997a567aaaea3d0e4c7a730d41c3817
      size: 8707
    outs:
    - path: data/processed/test_engineered.csv
      md5: 0d656a0a479507988da1eaa9a1a02976
      size: 453477
    - path: data/processed/train_engineered.csv
      md5: f46b495e19ce7630e2106e9227e39e94
      size: 938863
  train:
    cmd: python3 src/spacetitanic/models/train.py
    deps:
    - path: data/processed/train_engineered.csv
      md5: f46b495e19ce7630e2106e9227e39e94
      size: 938863
    - path: src/spacetitanic/models/train.py
      md5: 930cb977ba156b18bff235149bd33878
      size: 3741
    outs:
    - path: data/processed/val_engineered.csv
      md5: 99d3f14640bbdfc1e9c4f6aefe94626f
      size: 287256
    - path: model/model_test.joblib
      md5: 247fa8858c976bbf243da0d20f8f15e0
      size: 3245147
    - path: model/model_val.joblib
      md5: 2983523929494e7749d3ac974b87edd1
      size: 2818820
  evaluate:
    cmd: python3 src/spacetitanic/models/evaluate.py
    deps:
    - path: data/processed/test_engineered.csv
      md5: 0d656a0a479507988da1eaa9a1a02976
      size: 453477
    - path: data/processed/val_engineered.csv
      md5: 99d3f14640bbdfc1e9c4f6aefe94626f
      size: 287256
    - path: model/model_test.joblib
      md5: 247fa8858c976bbf243da0d20f8f15e0
      size: 3245147
    - path: model/model_val.joblib
      md5: 2983523929494e7749d3ac974b87edd1
      size: 2818820
    - path: src/spacetitanic/models/evaluate.py
      md5: fe36310728315a193a2e91640b6852f0
      size: 3264
    outs:
    - path: data/output/submission.csv
      md5: 72044b2cf2a904ec77c46858805fc443
      size: 57718
    - path: metrics/metrics.json
      md5: 985113f9372777ef927d17c4bc4dbe82
      size: 127
